Microsoft Visual Studio Solution File, Format Version 12.00
# Visual Studio Version 17
VisualStudioVersion = 17.6.33829.357
MinimumVisualStudioVersion = 10.0.40219.1
Project("{2150E333-8FDC-42A3-9474-1A3956D46DE8}") = "Solution Items", "Solution Items", "{875D8118-0EDB-49A6-B754-AC89B4115552}"
	ProjectSection(SolutionItems) = preProject
		.editorconfig = .editorconfig
		CollectArtifacts.ps1 = CollectArtifacts.ps1
		CustomDictionary.xml = CustomDictionary.xml
		Directory.Build.props = Directory.Build.props
		Directory.Build.targets = Directory.Build.targets
		LICENSE.txt = LICENSE.txt
		README.md = README.md
		stylecop.json = stylecop.json
	EndProjectSection
EndProject
Project("{888888A0-9F3D-457C-B088-3A5042F75D52}") = "ManualGenerator", "ManualGenerator\ManualGenerator.pyproj", "{FBC4A33E-4225-4584-8436-4F1CB556DDD9}"
EndProject
Project("{9A19103F-16F7-4668-BE54-9A1E7A4F7556}") = "Common", "Common\Common.csproj", "{FD972BC1-D411-4586-842D-3A6BFB697965}"
EndProject
Project("{9A19103F-16F7-4668-BE54-9A1E7A4F7556}") = "Th095Bestshot", "Th095Bestshot\Th095Bestshot.csproj", "{D353E422-6AE3-4611-A6C2-27D81C47320C}"
EndProject
Project("{9A19103F-16F7-4668-BE54-9A1E7A4F7556}") = "Th105Replay", "Th105Replay\Th105Replay.csproj", "{7C61D81C-5D06-4D1A-9E24-D2940C8FAA16}"
EndProject
Project("{9A19103F-16F7-4668-BE54-9A1E7A4F7556}") = "Th11Replay", "Th11Replay\Th11Replay.csproj", "{8547D59D-D97A-4243-A5E6-12116CB4EDF1}"
EndProject
Project("{9A19103F-16F7-4668-BE54-9A1E7A4F7556}") = "Th12Replay", "Th12Replay\Th12Replay.csproj", "{5983891B-2A59-4F61-A339-D4E06B7F095A}"
EndProject
Project("{9A19103F-16F7-4668-BE54-9A1E7A4F7556}") = "Th123Replay", "Th123Replay\Th123Replay.csproj", "{663AEB51-6759-4C51-B74A-229AD597D022}"
EndProject
Project("{9A19103F-16F7-4668-BE54-9A1E7A4F7556}") = "Th125Bestshot", "Th125Bestshot\Th125Bestshot.csproj", "{5FBF6474-F0CA-47B6-895A-87CFE50B7276}"
EndProject
Project("{9A19103F-16F7-4668-BE54-9A1E7A4F7556}") = "Th125Replay", "Th125Replay\Th125Replay.csproj", "{E0587B92-A55E-4238-8686-C251615DFABD}"
EndProject
Project("{9A19103F-16F7-4668-BE54-9A1E7A4F7556}") = "Th128Replay", "Th128Replay\Th128Replay.csproj", "{D7198D2F-B93A-419C-A999-161C01DDF5D1}"
EndProject
Project("{9A19103F-16F7-4668-BE54-9A1E7A4F7556}") = "Th13Replay", "Th13Replay\Th13Replay.csproj", "{29CDFF19-833A-47DC-B682-C6068BE44717}"
EndProject
Project("{9A19103F-16F7-4668-BE54-9A1E7A4F7556}") = "Th135Replay", "Th135Replay\Th135Replay.csproj", "{BC7DA302-BCC6-45A7-8781-6AFEE17234BB}"
EndProject
Project("{9A19103F-16F7-4668-BE54-9A1E7A4F7556}") = "Th14Replay", "Th14Replay\Th14Replay.csproj", "{43FEDFC1-7CF4-471F-B3E2-34A694BA9536}"
EndProject
Project("{9A19103F-16F7-4668-BE54-9A1E7A4F7556}") = "Th143Replay", "Th143Replay\Th143Replay.csproj", "{EDACD8AC-F76C-4FF5-ACE4-C91C5DD85EE5}"
EndProject
Project("{9A19103F-16F7-4668-BE54-9A1E7A4F7556}") = "Th143Screenshot", "Th143Screenshot\Th143Screenshot.csproj", "{18BF4B69-6271-436B-8C3C-077BCD139E8B}"
EndProject
Project("{9A19103F-16F7-4668-BE54-9A1E7A4F7556}") = "Th145Replay", "Th145Replay\Th145Replay.csproj", "{AC3612F1-F3F4-400A-A4F0-42F2B8A90129}"
EndProject
Project("{9A19103F-16F7-4668-BE54-9A1E7A4F7556}") = "Th15Replay", "Th15Replay\Th15Replay.csproj", "{5B06C387-C405-43F5-9E42-A7C18D8A171B}"
EndProject
Project("{9A19103F-16F7-4668-BE54-9A1E7A4F7556}") = "Th155Replay", "Th155Replay\Th155Replay.csproj", "{40261D4B-603B-446E-9291-FD1123CFE8DE}"
EndProject
Project("{9A19103F-16F7-4668-BE54-9A1E7A4F7556}") = "Th16Replay", "Th16Replay\Th16Replay.csproj", "{9606D9D5-E32F-4A31-8675-DBA12A8FB5A8}"
EndProject
Project("{9A19103F-16F7-4668-BE54-9A1E7A4F7556}") = "Th165Replay", "Th165Replay\Th165Replay.csproj", "{8676338A-9AE6-4607-BBAE-FFF8730338EA}"
EndProject
Project("{9A19103F-16F7-4668-BE54-9A1E7A4F7556}") = "Th165Bestshot", "Th165Bestshot\Th165Bestshot.csproj", "{E5A4BC64-6A46-4502-9D1B-FC98109B760B}"
EndProject
Project("{9A19103F-16F7-4668-BE54-9A1E7A4F7556}") = "Th17Replay", "Th17Replay\Th17Replay.csproj", "{CC0A9292-042E-415D-82ED-43634B119CEC}"
EndProject
Project("{9A19103F-16F7-4668-BE54-9A1E7A4F7556}") = "Th18Replay", "Th18Replay\Th18Replay.csproj", "{730A580F-3B75-4760-9833-6989DFB4EC38}"
EndProject
Global
	GlobalSection(SolutionConfigurationPlatforms) = preSolution
		Debug|Any CPU = Debug|Any CPU
		Release|Any CPU = Release|Any CPU
	EndGlobalSection
	GlobalSection(ProjectConfigurationPlatforms) = postSolution
		{FBC4A33E-4225-4584-8436-4F1CB556DDD9}.Debug|Any CPU.ActiveCfg = Debug|Any CPU
		{FBC4A33E-4225-4584-8436-4F1CB556DDD9}.Debug|Any CPU.Build.0 = Debug|Any CPU
		{FBC4A33E-4225-4584-8436-4F1CB556DDD9}.Release|Any CPU.ActiveCfg = Release|Any CPU
		{FBC4A33E-4225-4584-8436-4F1CB556DDD9}.Release|Any CPU.Build.0 = Release|Any CPU
		{FD972BC1-D411-4586-842D-3A6BFB697965}.Debug|Any CPU.ActiveCfg = Debug|Any CPU
		{FD972BC1-D411-4586-842D-3A6BFB697965}.Debug|Any CPU.Build.0 = Debug|Any CPU
		{FD972BC1-D411-4586-842D-3A6BFB697965}.Release|Any CPU.ActiveCfg = Release|Any CPU
		{FD972BC1-D411-4586-842D-3A6BFB697965}.Release|Any CPU.Build.0 = Release|Any CPU
		{D353E422-6AE3-4611-A6C2-27D81C47320C}.Debug|Any CPU.ActiveCfg = Debug|Any CPU
		{D353E422-6AE3-4611-A6C2-27D81C47320C}.Debug|Any CPU.Build.0 = Debug|Any CPU
		{D353E422-6AE3-4611-A6C2-27D81C47320C}.Release|Any CPU.ActiveCfg = Release|Any CPU
		{D353E422-6AE3-4611-A6C2-27D81C47320C}.Release|Any CPU.Build.0 = Release|Any CPU
		{7C61D81C-5D06-4D1A-9E24-D2940C8FAA16}.Debug|Any CPU.ActiveCfg = Debug|Any CPU
		{7C61D81C-5D06-4D1A-9E24-D2940C8FAA16}.Debug|Any CPU.Build.0 = Debug|Any CPU
		{7C61D81C-5D06-4D1A-9E24-D2940C8FAA16}.Release|Any CPU.ActiveCfg = Release|Any CPU
		{7C61D81C-5D06-4D1A-9E24-D2940C8FAA16}.Release|Any CPU.Build.0 = Release|Any CPU
		{8547D59D-D97A-4243-A5E6-12116CB4EDF1}.Debug|Any CPU.ActiveCfg = Debug|Any CPU
		{8547D59D-D97A-4243-A5E6-12116CB4EDF1}.Debug|Any CPU.Build.0 = Debug|Any CPU
		{8547D59D-D97A-4243-A5E6-12116CB4EDF1}.Release|Any CPU.ActiveCfg = Release|Any CPU
		{8547D59D-D97A-4243-A5E6-12116CB4EDF1}.Release|Any CPU.Build.0 = Release|Any CPU
		{5983891B-2A59-4F61-A339-D4E06B7F095A}.Debug|Any CPU.ActiveCfg = Debug|Any CPU
		{5983891B-2A59-4F61-A339-D4E06B7F095A}.Debug|Any CPU.Build.0 = Debug|Any CPU
		{5983891B-2A59-4F61-A339-D4E06B7F095A}.Release|Any CPU.ActiveCfg = Release|Any CPU
		{5983891B-2A59-4F61-A339-D4E06B7F095A}.Release|Any CPU.Build.0 = Release|Any CPU
		{663AEB51-6759-4C51-B74A-229AD597D022}.Debug|Any CPU.ActiveCfg = Debug|Any CPU
		{663AEB51-6759-4C51-B74A-229AD597D022}.Debug|Any CPU.Build.0 = Debug|Any CPU
		{663AEB51-6759-4C51-B74A-229AD597D022}.Release|Any CPU.ActiveCfg = Release|Any CPU
		{663AEB51-6759-4C51-B74A-229AD597D022}.Release|Any CPU.Build.0 = Release|Any CPU
		{5FBF6474-F0CA-47B6-895A-87CFE50B7276}.Debug|Any CPU.ActiveCfg = Debug|Any CPU
		{5FBF6474-F0CA-47B6-895A-87CFE50B7276}.Debug|Any CPU.Build.0 = Debug|Any CPU
		{5FBF6474-F0CA-47B6-895A-87CFE50B7276}.Release|Any CPU.ActiveCfg = Release|Any CPU
		{5FBF6474-F0CA-47B6-895A-87CFE50B7276}.Release|Any CPU.Build.0 = Release|Any CPU
		{E0587B92-A55E-4238-8686-C251615DFABD}.Debug|Any CPU.ActiveCfg = Debug|Any CPU
		{E0587B92-A55E-4238-8686-C251615DFABD}.Debug|Any CPU.Build.0 = Debug|Any CPU
		{E0587B92-A55E-4238-8686-C251615DFABD}.Release|Any CPU.ActiveCfg = Release|Any CPU
		{E0587B92-A55E-4238-8686-C251615DFABD}.Release|Any CPU.Build.0 = Release|Any CPU
		{D7198D2F-B93A-419C-A999-161C01DDF5D1}.Debug|Any CPU.ActiveCfg = Debug|Any CPU
		{D7198D2F-B93A-419C-A999-161C01DDF5D1}.Debug|Any CPU.Build.0 = Debug|Any CPU
		{D7198D2F-B93A-419C-A999-161C01DDF5D1}.Release|Any CPU.ActiveCfg = Release|Any CPU
		{D7198D2F-B93A-419C-A999-161C01DDF5D1}.Release|Any CPU.Build.0 = Release|Any CPU
		{29CDFF19-833A-47DC-B682-C6068BE44717}.Debug|Any CPU.ActiveCfg = Debug|Any CPU
		{29CDFF19-833A-47DC-B682-C6068BE44717}.Debug|Any CPU.Build.0 = Debug|Any CPU
		{29CDFF19-833A-47DC-B682-C6068BE44717}.Release|Any CPU.ActiveCfg = Release|Any CPU
		{29CDFF19-833A-47DC-B682-C6068BE44717}.Release|Any CPU.Build.0 = Release|Any CPU
		{BC7DA302-BCC6-45A7-8781-6AFEE17234BB}.Debug|Any CPU.ActiveCfg = Debug|Any CPU
		{BC7DA302-BCC6-45A7-8781-6AFEE17234BB}.Debug|Any CPU.Build.0 = Debug|Any CPU
		{BC7DA302-BCC6-45A7-8781-6AFEE17234BB}.Release|Any CPU.ActiveCfg = Release|Any CPU
		{BC7DA302-BCC6-45A7-8781-6AFEE17234BB}.Release|Any CPU.Build.0 = Release|Any CPU
		{43FEDFC1-7CF4-471F-B3E2-34A694BA9536}.Debug|Any CPU.ActiveCfg = Debug|Any CPU
		{43FEDFC1-7CF4-471F-B3E2-34A694BA9536}.Debug|Any CPU.Build.0 = Debug|Any CPU
		{43FEDFC1-7CF4-471F-B3E2-34A694BA9536}.Release|Any CPU.ActiveCfg = Release|Any CPU
		{43FEDFC1-7CF4-471F-B3E2-34A694BA9536}.Release|Any CPU.Build.0 = Release|Any CPU
		{EDACD8AC-F76C-4FF5-ACE4-C91C5DD85EE5}.Debug|Any CPU.ActiveCfg = Debug|Any CPU
		{EDACD8AC-F76C-4FF5-ACE4-C91C5DD85EE5}.Debug|Any CPU.Build.0 = Debug|Any CPU
		{EDACD8AC-F76C-4FF5-ACE4-C91C5DD85EE5}.Release|Any CPU.ActiveCfg = Release|Any CPU
		{EDACD8AC-F76C-4FF5-ACE4-C91C5DD85EE5}.Release|Any CPU.Build.0 = Release|Any CPU
		{18BF4B69-6271-436B-8C3C-077BCD139E8B}.Debug|Any CPU.ActiveCfg = Debug|Any CPU
		{18BF4B69-6271-436B-8C3C-077BCD139E8B}.Debug|Any CPU.Build.0 = Debug|Any CPU
		{18BF4B69-6271-436B-8C3C-077BCD139E8B}.Release|Any CPU.ActiveCfg = Release|Any CPU
		{18BF4B69-6271-436B-8C3C-077BCD139E8B}.Release|Any CPU.Build.0 = Release|Any CPU
		{AC3612F1-F3F4-400A-A4F0-42F2B8A90129}.Debug|Any CPU.ActiveCfg = Debug|Any CPU
		{AC3612F1-F3F4-400A-A4F0-42F2B8A90129}.Debug|Any CPU.Build.0 = Debug|Any CPU
		{AC3612F1-F3F4-400A-A4F0-42F2B8A90129}.Release|Any CPU.ActiveCfg = Release|Any CPU
		{AC3612F1-F3F4-400A-A4F0-42F2B8A90129}.Release|Any CPU.Build.0 = Release|Any CPU
		{5B06C387-C405-43F5-9E42-A7C18D8A171B}.Debug|Any CPU.ActiveCfg = Debug|Any CPU
		{5B06C387-C405-43F5-9E42-A7C18D8A171B}.Debug|Any CPU.Build.0 = Debug|Any CPU
		{5B06C387-C405-43F5-9E42-A7C18D8A171B}.Release|Any CPU.ActiveCfg = Release|Any CPU
		{5B06C387-C405-43F5-9E42-A7C18D8A171B}.Release|Any CPU.Build.0 = Release|Any CPU
		{40261D4B-603B-446E-9291-FD1123CFE8DE}.Debug|Any CPU.ActiveCfg = Debug|Any CPU
		{40261D4B-603B-446E-9291-FD1123CFE8DE}.Debug|Any CPU.Build.0 = Debug|Any CPU
		{40261D4B-603B-446E-9291-FD1123CFE8DE}.Release|Any CPU.ActiveCfg = Release|Any CPU
		{40261D4B-603B-446E-9291-FD1123CFE8DE}.Release|Any CPU.Build.0 = Release|Any CPU
		{9606D9D5-E32F-4A31-8675-DBA12A8FB5A8}.Debug|Any CPU.ActiveCfg = Debug|Any CPU
		{9606D9D5-E32F-4A31-8675-DBA12A8FB5A8}.Debug|Any CPU.Build.0 = Debug|Any CPU
		{9606D9D5-E32F-4A31-8675-DBA12A8FB5A8}.Release|Any CPU.ActiveCfg = Release|Any CPU
		{9606D9D5-E32F-4A31-8675-DBA12A8FB5A8}.Release|Any CPU.Build.0 = Release|Any CPU
		{8676338A-9AE6-4607-BBAE-FFF8730338EA}.Debug|Any CPU.ActiveCfg = Debug|Any CPU
		{8676338A-9AE6-4607-BBAE-FFF8730338EA}.Debug|Any CPU.Build.0 = Debug|Any CPU
		{8676338A-9AE6-4607-BBAE-FFF8730338EA}.Release|Any CPU.ActiveCfg = Release|Any CPU
		{8676338A-9AE6-4607-BBAE-FFF8730338EA}.Release|Any CPU.Build.0 = Release|Any CPU
		{E5A4BC64-6A46-4502-9D1B-FC98109B760B}.Debug|Any CPU.ActiveCfg = Debug|Any CPU
		{E5A4BC64-6A46-4502-9D1B-FC98109B760B}.Debug|Any CPU.Build.0 = Debug|Any CPU
		{E5A4BC64-6A46-4502-9D1B-FC98109B760B}.Release|Any CPU.ActiveCfg = Release|Any CPU
		{E5A4BC64-6A46-4502-9D1B-FC98109B760B}.Release|Any CPU.Build.0 = Release|Any CPU
		{CC0A9292-042E-415D-82ED-43634B119CEC}.Debug|Any CPU.ActiveCfg = Debug|Any CPU
		{CC0A9292-042E-415D-82ED-43634B119CEC}.Debug|Any CPU.Build.0 = Debug|Any CPU
		{CC0A9292-042E-415D-82ED-43634B119CEC}.Release|Any CPU.ActiveCfg = Release|Any CPU
		{CC0A9292-042E-415D-82ED-43634B119CEC}.Release|Any CPU.Build.0 = Release|Any CPU
		{730A580F-3B75-4760-9833-6989DFB4EC38}.Debug|Any CPU.ActiveCfg = Debug|Any CPU
		{730A580F-3B75-4760-9833-6989DFB4EC38}.Debug|Any CPU.Build.0 = Debug|Any CPU
		{730A580F-3B75-4760-9833-6989DFB4EC38}.Release|Any CPU.ActiveCfg = Release|Any CPU
		{730A580F-3B75-4760-9833-6989DFB4EC38}.Release|Any CPU.Build.0 = Release|Any CPU
	EndGlobalSection
	GlobalSection(SolutionProperties) = preSolution
		HideSolutionNode = FALSE
	EndGlobalSection
	GlobalSection(ExtensibilityGlobals) = postSolution
		SolutionGuid = {6112E887-7147-4182-8BAC-21B5BD649071}
	EndGlobalSection
EndGlobal
